// !$*UTF8*$!
{
	archiveVersion = 1;
	classes = {
	};
	objectVersion = 56;
	objects = {

/* Begin PBXBuildFile section */
		0527ABA32B359D6C00903237 /* AppDelegate.swift in Sources */ = {isa = PBXBuildFile; fileRef = 0527ABA22B359D6C00903237 /* AppDelegate.swift */; };
		0527ABA52B359D6C00903237 /* SceneDelegate.swift in Sources */ = {isa = PBXBuildFile; fileRef = 0527ABA42B359D6C00903237 /* SceneDelegate.swift */; };
		0527ABA72B359D6C00903237 /* ViewController.swift in Sources */ = {isa = PBXBuildFile; fileRef = 0527ABA62B359D6C00903237 /* ViewController.swift */; };
		0527ABAA2B359D6C00903237 /* Main.storyboard in Resources */ = {isa = PBXBuildFile; fileRef = 0527ABA82B359D6C00903237 /* Main.storyboard */; };
		0527ABAC2B359D6E00903237 /* Assets.xcassets in Resources */ = {isa = PBXBuildFile; fileRef = 0527ABAB2B359D6E00903237 /* Assets.xcassets */; };
		0527ABAF2B359D6E00903237 /* LaunchScreen.storyboard in Resources */ = {isa = PBXBuildFile; fileRef = 0527ABAD2B359D6E00903237 /* LaunchScreen.storyboard */; };
		0527ABB72B35B3E000903237 /* CreateML_ReviewClassifier.mlmodel in Sources */ = {isa = PBXBuildFile; fileRef = 0527ABB62B35B3E000903237 /* CreateML_ReviewClassifier.mlmodel */; };
/* End PBXBuildFile section */

/* Begin PBXFileReference section */
		0527AB9F2B359D6C00903237 /* Review Analyser.app */ = {isa = PBXFileReference; explicitFileType = wrapper.application; includeInIndex = 0; path = "Review Analyser.app"; sourceTree = BUILT_PRODUCTS_DIR; };
		0527ABA22B359D6C00903237 /* AppDelegate.swift */ = {isa = PBXFileReference; lastKnownFileType = sourcecode.swift; path = AppDelegate.swift; sourceTree = "<group>"; };
		0527ABA42B359D6C00903237 /* SceneDelegate.swift */ = {isa = PBXFileReference; lastKnownFileType = sourcecode.swift; path = SceneDelegate.swift; sourceTree = "<group>"; };
		0527ABA62B359D6C00903237 /* ViewController.swift */ = {isa = PBXFileReference; lastKnownFileType = sourcecode.swift; path = ViewController.swift; sourceTree = "<group>"; };
		0527ABA92B359D6C00903237 /* Base */ = {isa = PBXFileReference; lastKnownFileType = file.storyboard; name = Base; path = Base.lproj/Main.storyboard; sourceTree = "<group>"; };
		0527ABAB2B359D6E00903237 /* Assets.xcassets */ = {isa = PBXFileReference; lastKnownFileType = folder.assetcatalog; path = Assets.xcassets; sourceTree = "<group>"; };
		0527ABAE2B359D6E00903237 /* Base */ = {isa = PBXFileReference; lastKnownFileType = file.storyboard; name = Base; path = Base.lproj/LaunchScreen.storyboard; sourceTree = "<group>"; };
		0527ABB02B359D6E00903237 /* Info.plist */ = {isa = PBXFileReference; lastKnownFileType = text.plist.xml; path = Info.plist; sourceTree = "<group>"; };
		0527ABB62B35B3E000903237 /* CreateML_ReviewClassifier.mlmodel */ = {isa = PBXFileReference; lastKnownFileType = file.mlmodel; path = CreateML_ReviewClassifier.mlmodel; sourceTree = "<group>"; };
/* End PBXFileReference section */

/* Begin PBXFrameworksBuildPhase section */
		0527AB9C2B359D6C00903237 /* Frameworks */ = {
			isa = PBXFrameworksBuildPhase;
			buildActionMask = 2147483647;
			files = (
			);
			runOnlyForDeploymentPostprocessing = 0;
		};
/* End PBXFrameworksBuildPhase section */

/* Begin PBXGroup section */
		0527AB962B359D6C00903237 = {
			isa = PBXGroup;
			children = (
				0527ABA12B359D6C00903237 /* Review Analyser */,
				0527ABA02B359D6C00903237 /* Products */,
			);
			sourceTree = "<group>";
		};
		0527ABA02B359D6C00903237 /* Products */ = {
			isa = PBXGroup;
			children = (
				0527AB9F2B359D6C00903237 /* Review Analyser.app */,
			);
			name = Products;
			sourceTree = "<group>";
		};
		0527ABA12B359D6C00903237 /* Review Analyser */ = {
			isa = PBXGroup;
			children = (
				0527ABA22B359D6C00903237 /* AppDelegate.swift */,
				0527ABA42B359D6C00903237 /* SceneDelegate.swift */,
				0527ABA62B359D6C00903237 /* ViewController.swift */,
				0527ABB92B35B55E00903237 /* UI */,
				0527ABB82B35B52800903237 /* Model */,
				0527ABAB2B359D6E00903237 /* Assets.xcassets */,
				0527ABAD2B359D6E00903237 /* LaunchScreen.storyboard */,
				0527ABB02B359D6E00903237 /* Info.plist */,
			);
			path = "Review Analyser";
			sourceTree = "<group>";
		};
		0527ABB82B35B52800903237 /* Model */ = {
			isa = PBXGroup;
			children = (
				0527ABB62B35B3E000903237 /* CreateML_ReviewClassifier.mlmodel */,
			);
			path = Model;
			sourceTree = "<group>";
		};
		0527ABB92B35B55E00903237 /* UI */ = {
			isa = PBXGroup;
			children = (
				0527ABA82B359D6C00903237 /* Main.storyboard */,
			);
			path = UI;
			sourceTree = "<group>";
		};
/* End PBXGroup section */

/* Begin PBXNativeTarget section */
		0527AB9E2B359D6C00903237 /* Review Analyser */ = {
			isa = PBXNativeTarget;
			buildConfigurationList = 0527ABB32B359D6E00903237 /* Build configuration list for PBXNativeTarget "Review Analyser" */;
			buildPhases = (
				0527AB9B2B359D6C00903237 /* Sources */,
				0527AB9C2B359D6C00903237 /* Frameworks */,
				0527AB9D2B359D6C00903237 /* Resources */,
			);
			buildRules = (
			);
			dependencies = (
			);
			name = "Review Analyser";
			productName = "Review Analyser";
			productReference = 0527AB9F2B359D6C00903237 /* Review Analyser.app */;
			productType = "com.apple.product-type.application";
		};
/* End PBXNativeTarget section */

/* Begin PBXProject section */
		0527AB972B359D6C00903237 /* Project object */ = {
			isa = PBXProject;
			attributes = {
				BuildIndependentTargetsInParallel = 1;
				LastSwiftUpdateCheck = 1500;
				LastUpgradeCheck = 1500;
				TargetAttributes = {
					0527AB9E2B359D6C00903237 = {
						CreatedOnToolsVersion = 15.0;
					};
				};
			};
			buildConfigurationList = 0527AB9A2B359D6C00903237 /* Build configuration list for PBXProject "Review Analyser" */;
			compatibilityVersion = "Xcode 14.0";
			developmentRegion = en;
			hasScannedForEncodings = 0;
			knownRegions = (
				en,
				Base,
			);
			mainGroup = 0527AB962B359D6C00903237;
			productRefGroup = 0527ABA02B359D6C00903237 /* Products */;
			projectDirPath = "";
			projectRoot = "";
			targets = (
				0527AB9E2B359D6C00903237 /* Review Analyser */,
			);
		};
/* End PBXProject section */

/* Begin PBXResourcesBuildPhase section */
		0527AB9D2B359D6C00903237 /* Resources */ = {
			isa = PBXResourcesBuildPhase;
			buildActionMask = 2147483647;
			files = (
				0527ABAF2B359D6E00903237 /* LaunchScreen.storyboard in Resources */,
				0527ABAC2B359D6E00903237 /* Assets.xcassets in Resources */,
				0527ABAA2B359D6C00903237 /* Main.storyboard in Resources */,
			);
			runOnlyForDeploymentPostprocessing = 0;
		};
/* End PBXResourcesBuildPhase section */

/* Begin PBXSourcesBuildPhase section */
		0527AB9B2B359D6C00903237 /* Sources */ = {
			isa = PBXSourcesBuildPhase;
			buildActionMask = 2147483647;
			files = (
				0527ABB72B35B3E000903237 /* CreateML_ReviewClassifier.mlmodel in Sources */,
				0527ABA72B359D6C00903237 /* ViewController.swift in Sources */,
				0527ABA32B359D6C00903237 /* AppDelegate.swift in Sources */,
				0527ABA52B359D6C00903237 /* SceneDelegate.swift in Sources */,
			);
			runOnlyForDeploymentPostprocessing = 0;
		};
/* End PBXSourcesBuildPhase section */

/* Begin PBXVariantGroup section */
		0527ABA82B359D6C00903237 /* Main.storyboard */ = {
			isa = PBXVariantGroup;
			children = (
				0527ABA92B359D6C00903237 /* Base */,
			);
			name = Main.storyboard;
			sourceTree = "<group>";
		};
		0527ABAD2B359D6E00903237 /* LaunchScreen.storyboard */ = {
			isa = PBXVariantGroup;
			children = (
				0527ABAE2B359D6E00903237 /* Base */,
			);
			name = LaunchScreen.storyboard;
			sourceTree = "<group>";
		};
/* End PBXVariantGroup section */

/* Begin XCBuildConfiguration section */
		0527ABB12B359D6E00903237 /* Debug */ = {
			isa = XCBuildConfiguration;
			buildSettings = {
				ALWAYS_SEARCH_USER_PATHS = NO;
				ASSETCATALOG_COMPILER_GENERATE_SWIFT_ASSET_SYMBOL_EXTENSIONS = YES;
				CLANG_ANALYZER_NONNULL = YES;
				CLANG_ANALYZER_NUMBER_OBJECT_CONVERSION = YES_AGGRESSIVE;
				CLANG_CXX_LANGUAGE_STANDARD = "gnu++20";
				CLANG_ENABLE_MODULES = YES;
				CLANG_ENABLE_OBJC_ARC = YES;
				CLANG_ENABLE_OBJC_WEAK = YES;
				CLANG_WARN_BLOCK_CAPTURE_AUTORELEASING = YES;
				CLANG_WARN_BOOL_CONVERSION = YES;
				CLANG_WARN_COMMA = YES;
				CLANG_WARN_CONSTANT_CONVERSION = YES;
				CLANG_WARN_DEPRECATED_OBJC_IMPLEMENTATIONS = YES;
				CLANG_WARN_DIRECT_OBJC_ISA_USAGE = YES_ERROR;
				CLANG_WARN_DOCUMENTATION_COMMENTS = YES;
				CLANG_WARN_EMPTY_BODY = YES;
				CLANG_WARN_ENUM_CONVERSION = YES;
				CLANG_WARN_INFINITE_RECURSION = YES;
				CLANG_WARN_INT_CONVERSION = YES;
				CLANG_WARN_NON_LITERAL_NULL_CONVERSION = YES;
				CLANG_WARN_OBJC_IMPLICIT_RETAIN_SELF = YES;
				CLANG_WARN_OBJC_LITERAL_CONVERSION = YES;
				CLANG_WARN_OBJC_ROOT_CLASS = YES_ERROR;
				CLANG_WARN_QUOTED_INCLUDE_IN_FRAMEWORK_HEADER = YES;
				CLANG_WARN_RANGE_LOOP_ANALYSIS = YES;
				CLANG_WARN_STRICT_PROTOTYPES = YES;
				CLANG_WARN_SUSPICIOUS_MOVE = YES;
				CLANG_WARN_UNGUARDED_AVAILABILITY = YES_AGGRESSIVE;
				CLANG_WARN_UNREACHABLE_CODE = YES;
				CLANG_WARN__DUPLICATE_METHOD_MATCH = YES;
				COPY_PHASE_STRIP = NO;
				DEBUG_INFORMATION_FORMAT = dwarf;
				ENABLE_STRICT_OBJC_MSGSEND = YES;
				ENABLE_TESTABILITY = YES;
				ENABLE_USER_SCRIPT_SANDBOXING = YES;
				GCC_C_LANGUAGE_STANDARD = gnu17;
				GCC_DYNAMIC_NO_PIC = NO;
				GCC_NO_COMMON_BLOCKS = YES;
				GCC_OPTIMIZATION_LEVEL = 0;
				GCC_PREPROCESSOR_DEFINITIONS = (
					"DEBUG=1",
					"$(inherited)",
				);
				GCC_WARN_64_TO_32_BIT_CONVERSION = YES;
				GCC_WARN_ABOUT_RETURN_TYPE = YES_ERROR;
				GCC_WARN_UNDECLARED_SELECTOR = YES;
				GCC_WARN_UNINITIALIZED_AUTOS = YES_AGGRESSIVE;
				GCC_WARN_UNUSED_FUNCTION = YES;
				GCC_WARN_UNUSED_VARIABLE = YES;
				IPHONEOS_DEPLOYMENT_TARGET = 17.0;
				LOCALIZATION_PREFERS_STRING_CATALOGS = YES;
				MTL_ENABLE_DEBUG_INFO = INCLUDE_SOURCE;
				MTL_FAST_MATH = YES;
				ONLY_ACTIVE_ARCH = YES;
				SDKROOT = iphoneos;
				SWIFT_ACTIVE_COMPILATION_CONDITIONS = "DEBUG $(inherited)";
				SWIFT_OPTIMIZATION_LEVEL = "-Onone";
			};
			name = Debug;
		};
		0527ABB22B359D6E00903237 /* Release */ = {
			isa = XCBuildConfiguration;
			buildSettings = {
				ALWAYS_SEARCH_USER_PATHS = NO;
				ASSETCATALOG_COMPILER_GENERATE_SWIFT_ASSET_SYMBOL_EXTENSIONS = YES;
				CLANG_ANALYZER_NONNULL = YES;
				CLANG_ANALYZER_NUMBER_OBJECT_CONVERSION = YES_AGGRESSIVE;
				CLANG_CXX_LANGUAGE_STANDARD = "gnu++20";
				CLANG_ENABLE_MODULES = YES;
				CLANG_ENABLE_OBJC_ARC = YES;
				CLANG_ENABLE_OBJC_WEAK = YES;
				CLANG_WARN_BLOCK_CAPTURE_AUTORELEASING = YES;
				CLANG_WARN_BOOL_CONVERSION = YES;
				CLANG_WARN_COMMA = YES;
				CLANG_WARN_CONSTANT_CONVERSION = YES;
				CLANG_WARN_DEPRECATED_OBJC_IMPLEMENTATIONS = YES;
				CLANG_WARN_DIRECT_OBJC_ISA_USAGE = YES_ERROR;
				CLANG_WARN_DOCUMENTATION_COMMENTS = YES;
				CLANG_WARN_EMPTY_BODY = YES;
				CLANG_WARN_ENUM_CONVERSION = YES;
				CLANG_WARN_INFINITE_RECURSION = YES;
				CLANG_WARN_INT_CONVERSION = YES;
				CLANG_WARN_NON_LITERAL_NULL_CONVERSION = YES;
				CLANG_WARN_OBJC_IMPLICIT_RETAIN_SELF = YES;
				CLANG_WARN_OBJC_LITERAL_CONVERSION = YES;
				CLANG_WARN_OBJC_ROOT_CLASS = YES_ERROR;
				CLANG_WARN_QUOTED_INCLUDE_IN_FRAMEWORK_HEADER = YES;
				CLANG_WARN_RANGE_LOOP_ANALYSIS = YES;
				CLANG_WARN_STRICT_PROTOTYPES = YES;
				CLANG_WARN_SUSPICIOUS_MOVE = YES;
				CLANG_WARN_UNGUARDED_AVAILABILITY = YES_AGGRESSIVE;
				CLANG_WARN_UNREACHABLE_CODE = YES;
				CLANG_WARN__DUPLICATE_METHOD_MATCH = YES;
				COPY_PHASE_STRIP = NO;
				DEBUG_INFORMATION_FORMAT = "dwarf-with-dsym";
				ENABLE_NS_ASSERTIONS = NO;
				ENABLE_STRICT_OBJC_MSGSEND = YES;
				ENABLE_USER_SCRIPT_SANDBOXING = YES;
				GCC_C_LANGUAGE_STANDARD = gnu17;
				GCC_NO_COMMON_BLOCKS = YES;
				GCC_WARN_64_TO_32_BIT_CONVERSION = YES;
				GCC_WARN_ABOUT_RETURN_TYPE = YES_ERROR;
				GCC_WARN_UNDECLARED_SELECTOR = YES;
				GCC_WARN_UNINITIALIZED_AUTOS = YES_AGGRESSIVE;
				GCC_WARN_UNUSED_FUNCTION = YES;
				GCC_WARN_UNUSED_VARIABLE = YES;
				IPHONEOS_DEPLOYMENT_TARGET = 17.0;
				LOCALIZATION_PREFERS_STRING_CATALOGS = YES;
				MTL_ENABLE_DEBUG_INFO = NO;
				MTL_FAST_MATH = YES;
				SDKROOT = iphoneos;
				SWIFT_COMPILATION_MODE = wholemodule;
				VALIDATE_PRODUCT = YES;
			};
			name = Release;
		};
		0527ABB42B359D6E00903237 /* Debug */ = {
			isa = XCBuildConfiguration;
			buildSettings = {
				ASSETCATALOG_COMPILER_APPICON_NAME = AppIcon;
				ASSETCATALOG_COMPILER_GLOBAL_ACCENT_COLOR_NAME = AccentColor;
				CODE_SIGN_STYLE = Automatic;
				CURRENT_PROJECT_VERSION = 1;
				DEVELOPMENT_TEAM = J67WNY7YC9;
				GENERATE_INFOPLIST_FILE = YES;
				INFOPLIST_FILE = "Review Analyser/Info.plist";
				INFOPLIST_KEY_UIApplicationSupportsIndirectInputEvents = YES;
				INFOPLIST_KEY_UILaunchStoryboardName = LaunchScreen;
				INFOPLIST_KEY_UIMainStoryboardFile = Main;
				INFOPLIST_KEY_UISupportedInterfaceOrientations_iPad = "UIInterfaceOrientationPortrait UIInterfaceOrientationPortraitUpsideDown UIInterfaceOrientationLandscapeLeft UIInterfaceOrientationLandscapeRight";
				INFOPLIST_KEY_UISupportedInterfaceOrientations_iPhone = "UIInterfaceOrientationPortrait UIInterfaceOrientationLandscapeLeft UIInterfaceOrientationLandscapeRight";
				LD_RUNPATH_SEARCH_PATHS = (
					"$(inherited)",
					"@executable_path/Frameworks",
				);
				MARKETING_VERSION = 1.0;
				PRODUCT_BUNDLE_IDENTIFIER = "com.kushal-rajbhandari.Review-Analyser";
				PRODUCT_NAME = "$(TARGET_NAME)";
				SWIFT_EMIT_LOC_STRINGS = YES;
				SWIFT_VERSION = 5.0;
				TARGETED_DEVICE_FAMILY = "1,2";
			};
			name = Debug;
		};
		0527ABB52B359D6E00903237 /* Release */ = {
			isa = XCBuildConfiguration;
			buildSettings = {
				ASSETCATALOG_COMPILER_APPICON_NAME = AppIcon;
				ASSETCATALOG_COMPILER_GLOBAL_ACCENT_COLOR_NAME = AccentColor;
				CODE_SIGN_STYLE = Automatic;
				CURRENT_PROJECT_VERSION = 1;
				DEVELOPMENT_TEAM = J67WNY7YC9;
				GENERATE_INFOPLIST_FILE = YES;
				INFOPLIST_FILE = "Review Analyser/Info.plist";
				INFOPLIST_KEY_UIApplicationSupportsIndirectInputEvents = YES;
				INFOPLIST_KEY_UILaunchStoryboardName = LaunchScreen;
				INFOPLIST_KEY_UIMainStoryboardFile = Main;
				INFOPLIST_KEY_UISupportedInterfaceOrientations_iPad = "UIInterfaceOrientationPortrait UIInterfaceOrientationPortraitUpsideDown UIInterfaceOrientationLandscapeLeft UIInterfaceOrientationLandscapeRight";
				INFOPLIST_KEY_UISupportedInterfaceOrientations_iPhone = "UIInterfaceOrientationPortrait UIInterfaceOrientationLandscapeLeft UIInterfaceOrientationLandscapeRight";
				LD_RUNPATH_SEARCH_PATHS = (
					"$(inherited)",
					"@executable_path/Frameworks",
				);
				MARKETING_VERSION = 1.0;
				PRODUCT_BUNDLE_IDENTIFIER = "com.kushal-rajbhandari.Review-Analyser";
				PRODUCT_NAME = "$(TARGET_NAME)";
				SWIFT_EMIT_LOC_STRINGS = YES;
				SWIFT_VERSION = 5.0;
				TARGETED_DEVICE_FAMILY = "1,2";
			};
			name = Release;
		};
/* End XCBuildConfiguration section */

/* Begin XCConfigurationList section */
		0527AB9A2B359D6C00903237 /* Build configuration list for PBXProject "Review Analyser" */ = {
			isa = XCConfigurationList;
			buildConfigurations = (
				0527ABB12B359D6E00903237 /* Debug */,
				0527ABB22B359D6E00903237 /* Release */,
			);
			defaultConfigurationIsVisible = 0;
			defaultConfigurationName = Release;
		};
		0527ABB32B359D6E00903237 /* Build configuration list for PBXNativeTarget "Review Analyser" */ = {
			isa = XCConfigurationList;
			buildConfigurations = (
				0527ABB42B359D6E00903237 /* Debug */,
				0527ABB52B359D6E00903237 /* Release */,
			);
			defaultConfigurationIsVisible = 0;
			defaultConfigurationName = Release;
		};
/* End XCConfigurationList section */
	};
	rootObject = 0527AB972B359D6C00903237 /* Project object */;
}
